// !$*UTF8*$!
{
	archiveVersion = 1;
	classes = {
	};
	objectVersion = 50;
	objects = {

/* Begin PBXBuildFile section */
		FFB1027B244D9808008AC7D7 /* AppDelegate.swift in Sources */ = {isa = PBXBuildFile; fileRef = FFB1027A244D9808008AC7D7 /* AppDelegate.swift */; };
		FFB1027D244D9808008AC7D7 /* SceneDelegate.swift in Sources */ = {isa = PBXBuildFile; fileRef = FFB1027C244D9808008AC7D7 /* SceneDelegate.swift */; };
		FFB1027F244D9808008AC7D7 /* ViewController.swift in Sources */ = {isa = PBXBuildFile; fileRef = FFB1027E244D9808008AC7D7 /* ViewController.swift */; };
		FFB10282244D9808008AC7D7 /* Main.storyboard in Resources */ = {isa = PBXBuildFile; fileRef = FFB10280244D9808008AC7D7 /* Main.storyboard */; };
		FFB10284244D9809008AC7D7 /* Assets.xcassets in Resources */ = {isa = PBXBuildFile; fileRef = FFB10283244D9809008AC7D7 /* Assets.xcassets */; };
		FFB10287244D9809008AC7D7 /* LaunchScreen.storyboard in Resources */ = {isa = PBXBuildFile; fileRef = FFB10285244D9809008AC7D7 /* LaunchScreen.storyboard */; };
/* End PBXBuildFile section */

/* Begin PBXFileReference section */
		FFB10277244D9808008AC7D7 /* Live TV.app */ = {isa = PBXFileReference; explicitFileType = wrapper.application; includeInIndex = 0; path = "Live TV.app"; sourceTree = BUILT_PRODUCTS_DIR; };
		FFB1027A244D9808008AC7D7 /* AppDelegate.swift */ = {isa = PBXFileReference; lastKnownFileType = sourcecode.swift; path = AppDelegate.swift; sourceTree = "<group>"; };
		FFB1027C244D9808008AC7D7 /* SceneDelegate.swift */ = {isa = PBXFileReference; lastKnownFileType = sourcecode.swift; path = SceneDelegate.swift; sourceTree = "<group>"; };
		FFB1027E244D9808008AC7D7 /* ViewController.swift */ = {isa = PBXFileReference; lastKnownFileType = sourcecode.swift; path = ViewController.swift; sourceTree = "<group>"; };
		FFB10281244D9808008AC7D7 /* Base */ = {isa = PBXFileReference; lastKnownFileType = file.storyboard; name = Base; path = Base.lproj/Main.storyboard; sourceTree = "<group>"; };
		FFB10283244D9809008AC7D7 /* Assets.xcassets */ = {isa = PBXFileReference; lastKnownFileType = folder.assetcatalog; path = Assets.xcassets; sourceTree = "<group>"; };
		FFB10286244D9809008AC7D7 /* Base */ = {isa = PBXFileReference; lastKnownFileType = file.storyboard; name = Base; path = Base.lproj/LaunchScreen.storyboard; sourceTree = "<group>"; };
		FFB10288244D9809008AC7D7 /* Info.plist */ = {isa = PBXFileReference; lastKnownFileType = text.plist.xml; path = Info.plist; sourceTree = "<group>"; };
/* End PBXFileReference section */

/* Begin PBXFrameworksBuildPhase section */
		FFB10274244D9808008AC7D7 /* Frameworks */ = {
			isa = PBXFrameworksBuildPhase;
			buildActionMask = 2147483647;
			files = (
			);
			runOnlyForDeploymentPostprocessing = 0;
		};
/* End PBXFrameworksBuildPhase section */

/* Begin PBXGroup section */
		FFB1026E244D9808008AC7D7 = {
			isa = PBXGroup;
			children = (
				FFB10279244D9808008AC7D7 /* Live TV */,
				FFB10278244D9808008AC7D7 /* Products */,
			);
			sourceTree = "<group>";
		};
		FFB10278244D9808008AC7D7 /* Products */ = {
			isa = PBXGroup;
			children = (
				FFB10277244D9808008AC7D7 /* Live TV.app */,
			);
			name = Products;
			sourceTree = "<group>";
		};
		FFB10279244D9808008AC7D7 /* Live TV */ = {
			isa = PBXGroup;
			children = (
				FFB1027A244D9808008AC7D7 /* AppDelegate.swift */,
				FFB1027C244D9808008AC7D7 /* SceneDelegate.swift */,
				FFB1027E244D9808008AC7D7 /* ViewController.swift */,
				FFB10280244D9808008AC7D7 /* Main.storyboard */,
				FFB10283244D9809008AC7D7 /* Assets.xcassets */,
				FFB10285244D9809008AC7D7 /* LaunchScreen.storyboard */,
				FFB10288244D9809008AC7D7 /* Info.plist */,
			);
			path = "Live TV";
			sourceTree = "<group>";
		};
/* End PBXGroup section */

/* Begin PBXNativeTarget section */
		FFB10276244D9808008AC7D7 /* Live TV */ = {
			isa = PBXNativeTarget;
			buildConfigurationList = FFB1028B244D9809008AC7D7 /* Build configuration list for PBXNativeTarget "Live TV" */;
			buildPhases = (
				FFB10273244D9808008AC7D7 /* Sources */,
				FFB10274244D9808008AC7D7 /* Frameworks */,
				FFB10275244D9808008AC7D7 /* Resources */,
			);
			buildRules = (
			);
			dependencies = (
			);
			name = "Live TV";
			productName = "Live TV";
			productReference = FFB10277244D9808008AC7D7 /* Live TV.app */;
			productType = "com.apple.product-type.application";
		};
/* End PBXNativeTarget section */

/* Begin PBXProject section */
		FFB1026F244D9808008AC7D7 /* Project object */ = {
			isa = PBXProject;
			attributes = {
				LastSwiftUpdateCheck = 1140;
				LastUpgradeCheck = 1140;
				ORGANIZATIONNAME = "Fahim Rahman";
				TargetAttributes = {
					FFB10276244D9808008AC7D7 = {
						CreatedOnToolsVersion = 11.4.1;
					};
				};
			};
			buildConfigurationList = FFB10272244D9808008AC7D7 /* Build configuration list for PBXProject "Live TV" */;
			compatibilityVersion = "Xcode 9.3";
			developmentRegion = en;
			hasScannedForEncodings = 0;
			knownRegions = (
				en,
				Base,
			);
			mainGroup = FFB1026E244D9808008AC7D7;
			productRefGroup = FFB10278244D9808008AC7D7 /* Products */;
			projectDirPath = "";
			projectRoot = "";
			targets = (
				FFB10276244D9808008AC7D7 /* Live TV */,
			);
		};
/* End PBXProject section */

/* Begin PBXResourcesBuildPhase section */
		FFB10275244D9808008AC7D7 /* Resources */ = {
			isa = PBXResourcesBuildPhase;
			buildActionMask = 2147483647;
			files = (
				FFB10287244D9809008AC7D7 /* LaunchScreen.storyboard in Resources */,
				FFB10284244D9809008AC7D7 /* Assets.xcassets in Resources */,
				FFB10282244D9808008AC7D7 /* Main.storyboard in Resources */,
			);
			runOnlyForDeploymentPostprocessing = 0;
		};
/* End PBXResourcesBuildPhase section */

/* Begin PBXSourcesBuildPhase section */
		FFB10273244D9808008AC7D7 /* Sources */ = {
			isa = PBXSourcesBuildPhase;
			buildActionMask = 2147483647;
			files = (
				FFB1027F244D9808008AC7D7 /* ViewController.swift in Sources */,
				FFB1027B244D9808008AC7D7 /* AppDelegate.swift in Sources */,
				FFB1027D244D9808008AC7D7 /* SceneDelegate.swift in Sources */,
			);
			runOnlyForDeploymentPostprocessing = 0;
		};
/* End PBXSourcesBuildPhase section */

/* Begin PBXVariantGroup section */
		FFB10280244D9808008AC7D7 /* Main.storyboard */ = {
			isa = PBXVariantGroup;
			children = (
				FFB10281244D9808008AC7D7 /* Base */,
			);
			name = Main.storyboard;
			sourceTree = "<group>";
		};
		FFB10285244D9809008AC7D7 /* LaunchScreen.storyboard */ = {
			isa = PBXVariantGroup;
			children = (
				FFB10286244D9809008AC7D7 /* Base */,
			);
			name = LaunchScreen.storyboard;
			sourceTree = "<group>";
		};
/* End PBXVariantGroup section */

/* Begin XCBuildConfiguration section */
		FFB10289244D9809008AC7D7 /* Debug */ = {
			isa = XCBuildConfiguration;
			buildSettings = {
				ALWAYS_SEARCH_USER_PATHS = NO;
				CLANG_ANALYZER_NONNULL = YES;
				CLANG_ANALYZER_NUMBER_OBJECT_CONVERSION = YES_AGGRESSIVE;
				CLANG_CXX_LANGUAGE_STANDARD = "gnu++14";
				CLANG_CXX_LIBRARY = "libc++";
				CLANG_ENABLE_MODULES = YES;
				CLANG_ENABLE_OBJC_ARC = YES;
				CLANG_ENABLE_OBJC_WEAK = YES;
				CLANG_WARN_BLOCK_CAPTURE_AUTORELEASING = YES;
				CLANG_WARN_BOOL_CONVERSION = YES;
				CLANG_WARN_COMMA = YES;
				CLANG_WARN_CONSTANT_CONVERSION = YES;
				CLANG_WARN_DEPRECATED_OBJC_IMPLEMENTATIONS = YES;
				CLANG_WARN_DIRECT_OBJC_ISA_USAGE = YES_ERROR;
				CLANG_WARN_DOCUMENTATION_COMMENTS = YES;
				CLANG_WARN_EMPTY_BODY = YES;
				CLANG_WARN_ENUM_CONVERSION = YES;
				CLANG_WARN_INFINITE_RECURSION = YES;
				CLANG_WARN_INT_CONVERSION = YES;
				CLANG_WARN_NON_LITERAL_NULL_CONVERSION = YES;
				CLANG_WARN_OBJC_IMPLICIT_RETAIN_SELF = YES;
				CLANG_WARN_OBJC_LITERAL_CONVERSION = YES;
				CLANG_WARN_OBJC_ROOT_CLASS = YES_ERROR;
				CLANG_WARN_RANGE_LOOP_ANALYSIS = YES;
				CLANG_WARN_STRICT_PROTOTYPES = YES;
				CLANG_WARN_SUSPICIOUS_MOVE = YES;
				CLANG_WARN_UNGUARDED_AVAILABILITY = YES_AGGRESSIVE;
				CLANG_WARN_UNREACHABLE_CODE = YES;
				CLANG_WARN__DUPLICATE_METHOD_MATCH = YES;
				COPY_PHASE_STRIP = NO;
				DEBUG_INFORMATION_FORMAT = dwarf;
				ENABLE_STRICT_OBJC_MSGSEND = YES;
				ENABLE_TESTABILITY = YES;
				GCC_C_LANGUAGE_STANDARD = gnu11;
				GCC_DYNAMIC_NO_PIC = NO;
				GCC_NO_COMMON_BLOCKS = YES;
				GCC_OPTIMIZATION_LEVEL = 0;
				GCC_PREPROCESSOR_DEFINITIONS = (
					"DEBUG=1",
					"$(inherited)",
				);
				GCC_WARN_64_TO_32_BIT_CONVERSION = YES;
				GCC_WARN_ABOUT_RETURN_TYPE = YES_ERROR;
				GCC_WARN_UNDECLARED_SELECTOR = YES;
				GCC_WARN_UNINITIALIZED_AUTOS = YES_AGGRESSIVE;
				GCC_WARN_UNUSED_FUNCTION = YES;
				GCC_WARN_UNUSED_VARIABLE = YES;
				IPHONEOS_DEPLOYMENT_TARGET = 13.4;
				MTL_ENABLE_DEBUG_INFO = INCLUDE_SOURCE;
				MTL_FAST_MATH = YES;
				ONLY_ACTIVE_ARCH = YES;
				SDKROOT = iphoneos;
				SWIFT_ACTIVE_COMPILATION_CONDITIONS = DEBUG;
				SWIFT_OPTIMIZATION_LEVEL = "-Onone";
			};
			name = Debug;
		};
		FFB1028A244D9809008AC7D7 /* Release */ = {
			isa = XCBuildConfiguration;
			buildSettings = {
				ALWAYS_SEARCH_USER_PATHS = NO;
				CLANG_ANALYZER_NONNULL = YES;
				CLANG_ANALYZER_NUMBER_OBJECT_CONVERSION = YES_AGGRESSIVE;
				CLANG_CXX_LANGUAGE_STANDARD = "gnu++14";
				CLANG_CXX_LIBRARY = "libc++";
				CLANG_ENABLE_MODULES = YES;
				CLANG_ENABLE_OBJC_ARC = YES;
				CLANG_ENABLE_OBJC_WEAK = YES;
				CLANG_WARN_BLOCK_CAPTURE_AUTORELEASING = YES;
				CLANG_WARN_BOOL_CONVERSION = YES;
				CLANG_WARN_COMMA = YES;
				CLANG_WARN_CONSTANT_CONVERSION = YES;
				CLANG_WARN_DEPRECATED_OBJC_IMPLEMENTATIONS = YES;
				CLANG_WARN_DIRECT_OBJC_ISA_USAGE = YES_ERROR;
				CLANG_WARN_DOCUMENTATION_COMMENTS = YES;
				CLANG_WARN_EMPTY_BODY = YES;
				CLANG_WARN_ENUM_CONVERSION = YES;
				CLANG_WARN_INFINITE_RECURSION = YES;
				CLANG_WARN_INT_CONVERSION = YES;
				CLANG_WARN_NON_LITERAL_NULL_CONVERSION = YES;
				CLANG_WARN_OBJC_IMPLICIT_RETAIN_SELF = YES;
				CLANG_WARN_OBJC_LITERAL_CONVERSION = YES;
				CLANG_WARN_OBJC_ROOT_CLASS = YES_ERROR;
				CLANG_WARN_RANGE_LOOP_ANALYSIS = YES;
				CLANG_WARN_STRICT_PROTOTYPES = YES;
				CLANG_WARN_SUSPICIOUS_MOVE = YES;
				CLANG_WARN_UNGUARDED_AVAILABILITY = YES_AGGRESSIVE;
				CLANG_WARN_UNREACHABLE_CODE = YES;
				CLANG_WARN__DUPLICATE_METHOD_MATCH = YES;
				COPY_PHASE_STRIP = NO;
				DEBUG_INFORMATION_FORMAT = "dwarf-with-dsym";
				ENABLE_NS_ASSERTIONS = NO;
				ENABLE_STRICT_OBJC_MSGSEND = YES;
				GCC_C_LANGUAGE_STANDARD = gnu11;
				GCC_NO_COMMON_BLOCKS = YES;
				GCC_WARN_64_TO_32_BIT_CONVERSION = YES;
				GCC_WARN_ABOUT_RETURN_TYPE = YES_ERROR;
				GCC_WARN_UNDECLARED_SELECTOR = YES;
				GCC_WARN_UNINITIALIZED_AUTOS = YES_AGGRESSIVE;
				GCC_WARN_UNUSED_FUNCTION = YES;
				GCC_WARN_UNUSED_VARIABLE = YES;
				IPHONEOS_DEPLOYMENT_TARGET = 13.4;
				MTL_ENABLE_DEBUG_INFO = NO;
				MTL_FAST_MATH = YES;
				SDKROOT = iphoneos;
				SWIFT_COMPILATION_MODE = wholemodule;
				SWIFT_OPTIMIZATION_LEVEL = "-O";
				VALIDATE_PRODUCT = YES;
			};
			name = Release;
		};
		FFB1028C244D9809008AC7D7 /* Debug */ = {
			isa = XCBuildConfiguration;
			buildSettings = {
				ASSETCATALOG_COMPILER_APPICON_NAME = AppIcon;
				CODE_SIGN_STYLE = Automatic;
				DEVELOPMENT_TEAM = R975Y8X2C9;
				INFOPLIST_FILE = "Live TV/Info.plist";
				IPHONEOS_DEPLOYMENT_TARGET = 10.0;
				LD_RUNPATH_SEARCH_PATHS = (
					"$(inherited)",
					"@executable_path/Frameworks",
				);
				PRODUCT_BUNDLE_IDENTIFIER = "com.fahimrahman.Live-TV";
				PRODUCT_NAME = "$(TARGET_NAME)";
				SWIFT_VERSION = 5.0;
				TARGETED_DEVICE_FAMILY = "1,2";
			};
			name = Debug;
		};
		FFB1028D244D9809008AC7D7 /* Release */ = {
			isa = XCBuildConfiguration;
			buildSettings = {
				ASSETCATALOG_COMPILER_APPICON_NAME = AppIcon;
				CODE_SIGN_STYLE = Automatic;
				DEVELOPMENT_TEAM = R975Y8X2C9;
				INFOPLIST_FILE = "Live TV/Info.plist";
				IPHONEOS_DEPLOYMENT_TARGET = 10.0;
				LD_RUNPATH_SEARCH_PATHS = (
					"$(inherited)",
					"@executable_path/Frameworks",
				);
				PRODUCT_BUNDLE_IDENTIFIER = "com.fahimrahman.Live-TV";
				PRODUCT_NAME = "$(TARGET_NAME)";
				SWIFT_VERSION = 5.0;
				TARGETED_DEVICE_FAMILY = "1,2";
			};
			name = Release;
		};
/* End XCBuildConfiguration section */

/* Begin XCConfigurationList section */
		FFB10272244D9808008AC7D7 /* Build configuration list for PBXProject "Live TV" */ = {
			isa = XCConfigurationList;
			buildConfigurations = (
				FFB10289244D9809008AC7D7 /* Debug */,
				FFB1028A244D9809008AC7D7 /* Release */,
			);
			defaultConfigurationIsVisible = 0;
			defaultConfigurationName = Release;
		};
		FFB1028B244D9809008AC7D7 /* Build configuration list for PBXNativeTarget "Live TV" */ = {
			isa = XCConfigurationList;
			buildConfigurations = (
				FFB1028C244D9809008AC7D7 /* Debug */,
				FFB1028D244D9809008AC7D7 /* Release */,
			);
			defaultConfigurationIsVisible = 0;
			defaultConfigurationName = Release;
		};
/* End XCConfigurationList section */
	};
	rootObject = FFB1026F244D9808008AC7D7 /* Project object */;
}
